
Microsoft Visual Studio Solution File, Format Version 12.00
# Visual Studio Version 17
VisualStudioVersion = 17.13.35825.156
MinimumVisualStudioVersion = 10.0.40219.1
Project("{FAE04EC0-301F-11D3-BF4B-00C04F79EFBC}") = "TN01-WFCadastrar", "TN01-WFCadastrar\TN01-WFCadastrar.csproj", "{C2BB170F-579B-4C48-87E5-663F4608D566}"
EndProject
Project("{FAE04EC0-301F-11D3-BF4B-00C04F79EFBC}") = "WFCadastroEnderecoo", "WFCadastroEnderecoo\WFCadastroEnderecoo.csproj", "{FBB2B610-CF2F-4FFA-9EB8-EA8994505E59}"
EndProject
Global
	GlobalSection(SolutionConfigurationPlatforms) = preSolution
		Debug|Any CPU = Debug|Any CPU
		Release|Any CPU = Release|Any CPU
	EndGlobalSection
	GlobalSection(ProjectConfigurationPlatforms) = postSolution
		{C2BB170F-579B-4C48-87E5-663F4608D566}.Debug|Any CPU.ActiveCfg = Debug|Any CPU
		{C2BB170F-579B-4C48-87E5-663F4608D566}.Debug|Any CPU.Build.0 = Debug|Any CPU
		{C2BB170F-579B-4C48-87E5-663F4608D566}.Release|Any CPU.ActiveCfg = Release|Any CPU
		{C2BB170F-579B-4C48-87E5-663F4608D566}.Release|Any CPU.Build.0 = Release|Any CPU
		{FBB2B610-CF2F-4FFA-9EB8-EA8994505E59}.Debug|Any CPU.ActiveCfg = Debug|Any CPU
		{FBB2B610-CF2F-4FFA-9EB8-EA8994505E59}.Debug|Any CPU.Build.0 = Debug|Any CPU
		{FBB2B610-CF2F-4FFA-9EB8-EA8994505E59}.Release|Any CPU.ActiveCfg = Release|Any CPU
		{FBB2B610-CF2F-4FFA-9EB8-EA8994505E59}.Release|Any CPU.Build.0 = Release|Any CPU
	EndGlobalSection
	GlobalSection(SolutionProperties) = preSolution
		HideSolutionNode = FALSE
	EndGlobalSection
	GlobalSection(ExtensibilityGlobals) = postSolution
		SolutionGuid = {3D54109C-196E-4DEF-8DFC-D2F5F39E98EC}
	EndGlobalSection
EndGlobal
